
Microsoft Visual Studio Solution File, Format Version 12.00
# Visual Studio Version 17
VisualStudioVersion = 17.1.32210.238
MinimumVisualStudioVersion = 10.0.40219.1
Project("{FAE04EC0-301F-11D3-BF4B-00C04F79EFBC}") = "CookBook", "CookBook.csproj", "{A486A23D-1B8E-473D-8BDB-C1B9F953FB42}"
EndProject
Project("{FAE04EC0-301F-11D3-BF4B-00C04F79EFBC}") = "CookBook.Application", "..\CookBook.Application\CookBook.Application.csproj", "{00933CBC-09B6-4929-808F-FF51AD274E14}"
EndProject
Project("{FAE04EC0-301F-11D3-BF4B-00C04F79EFBC}") = "CookBook.Domain", "..\CookBook.Domain\CookBook.Domain.csproj", "{9B74F686-FE01-43C4-B12E-C3028C09C154}"
EndProject
Project("{FAE04EC0-301F-11D3-BF4B-00C04F79EFBC}") = "CookBook.Dal", "..\CookBook.Dal\CookBook.Dal.csproj", "{CBA1ABED-2329-4743-9C46-568A334E55CF}"
EndProject
Global
	GlobalSection(SolutionConfigurationPlatforms) = preSolution
		Debug|Any CPU = Debug|Any CPU
		Release|Any CPU = Release|Any CPU
	EndGlobalSection
	GlobalSection(ProjectConfigurationPlatforms) = postSolution
		{A486A23D-1B8E-473D-8BDB-C1B9F953FB42}.Debug|Any CPU.ActiveCfg = Debug|Any CPU
		{A486A23D-1B8E-473D-8BDB-C1B9F953FB42}.Debug|Any CPU.Build.0 = Debug|Any CPU
		{A486A23D-1B8E-473D-8BDB-C1B9F953FB42}.Release|Any CPU.ActiveCfg = Release|Any CPU
		{A486A23D-1B8E-473D-8BDB-C1B9F953FB42}.Release|Any CPU.Build.0 = Release|Any CPU
		{00933CBC-09B6-4929-808F-FF51AD274E14}.Debug|Any CPU.ActiveCfg = Debug|Any CPU
		{00933CBC-09B6-4929-808F-FF51AD274E14}.Debug|Any CPU.Build.0 = Debug|Any CPU
		{00933CBC-09B6-4929-808F-FF51AD274E14}.Release|Any CPU.ActiveCfg = Release|Any CPU
		{00933CBC-09B6-4929-808F-FF51AD274E14}.Release|Any CPU.Build.0 = Release|Any CPU
		{9B74F686-FE01-43C4-B12E-C3028C09C154}.Debug|Any CPU.ActiveCfg = Debug|Any CPU
		{9B74F686-FE01-43C4-B12E-C3028C09C154}.Debug|Any CPU.Build.0 = Debug|Any CPU
		{9B74F686-FE01-43C4-B12E-C3028C09C154}.Release|Any CPU.ActiveCfg = Release|Any CPU
		{9B74F686-FE01-43C4-B12E-C3028C09C154}.Release|Any CPU.Build.0 = Release|Any CPU
		{CBA1ABED-2329-4743-9C46-568A334E55CF}.Debug|Any CPU.ActiveCfg = Debug|Any CPU
		{CBA1ABED-2329-4743-9C46-568A334E55CF}.Debug|Any CPU.Build.0 = Debug|Any CPU
		{CBA1ABED-2329-4743-9C46-568A334E55CF}.Release|Any CPU.ActiveCfg = Release|Any CPU
		{CBA1ABED-2329-4743-9C46-568A334E55CF}.Release|Any CPU.Build.0 = Release|Any CPU
	EndGlobalSection
	GlobalSection(SolutionProperties) = preSolution
		HideSolutionNode = FALSE
	EndGlobalSection
	GlobalSection(ExtensibilityGlobals) = postSolution
		SolutionGuid = {94D5442D-CFF9-44C6-BD48-840924BAFC12}
	EndGlobalSection
EndGlobal
